
Microsoft Visual Studio Solution File, Format Version 12.00
# Visual Studio Version 17
VisualStudioVersion = 17.9.34728.123
MinimumVisualStudioVersion = 10.0.40219.1
Project("{8BC9CEB8-8B4A-11D0-8D11-00A0C91BC942}") = "program", "program.vcxproj", "{91EBB8A0-55B7-4798-AD3E-82B72E388565}"
EndProject
Project("{8BC9CEB8-8B4A-11D0-8D11-00A0C91BC942}") = "Class1th (Stream)", "..\Class1th (Stream)\Class1th (Stream).vcxproj", "{6C455FF5-7FA7-4C04-9C70-1BBC7135C83D}"
EndProject
Project("{8BC9CEB8-8B4A-11D0-8D11-00A0C91BC942}") = "Class2th (Class)", "..\Class2th (Class)\Class2th (Class).vcxproj", "{6DF634CF-2712-4056-AE43-FF3430410DCE}"
EndProject
Project("{8BC9CEB8-8B4A-11D0-8D11-00A0C91BC942}") = "Class3th (Constructor & Distructor)", "..\Class3th (Constructor & Distructor)\Class3th (Constructor & Distructor).vcxproj", "{7D7E0036-AC48-4173-AB01-A1796850C52A}"
EndProject
Project("{8BC9CEB8-8B4A-11D0-8D11-00A0C91BC942}") = "Class4th (Shallow Copy & Deep Copy)", "..\Class4th (Shallow Copy & Deep Copy)\Class4th (Shallow Copy & Deep Copy).vcxproj", "{C5D34D46-A846-4C5E-B9B9-A8ED621A86CA}"
EndProject
Project("{8BC9CEB8-8B4A-11D0-8D11-00A0C91BC942}") = "Class5th (Inherentance)", "..\Class5th (Inherentance)\Class5th (Inherentance).vcxproj", "{05DB5086-E078-495D-AFD0-72C1838C6B05}"
EndProject
Global
	GlobalSection(SolutionConfigurationPlatforms) = preSolution
		Debug|x64 = Debug|x64
		Debug|x86 = Debug|x86
		Release|x64 = Release|x64
		Release|x86 = Release|x86
	EndGlobalSection
	GlobalSection(ProjectConfigurationPlatforms) = postSolution
		{91EBB8A0-55B7-4798-AD3E-82B72E388565}.Debug|x64.ActiveCfg = Debug|x64
		{91EBB8A0-55B7-4798-AD3E-82B72E388565}.Debug|x64.Build.0 = Debug|x64
		{91EBB8A0-55B7-4798-AD3E-82B72E388565}.Debug|x86.ActiveCfg = Debug|Win32
		{91EBB8A0-55B7-4798-AD3E-82B72E388565}.Debug|x86.Build.0 = Debug|Win32
		{91EBB8A0-55B7-4798-AD3E-82B72E388565}.Release|x64.ActiveCfg = Release|x64
		{91EBB8A0-55B7-4798-AD3E-82B72E388565}.Release|x64.Build.0 = Release|x64
		{91EBB8A0-55B7-4798-AD3E-82B72E388565}.Release|x86.ActiveCfg = Release|Win32
		{91EBB8A0-55B7-4798-AD3E-82B72E388565}.Release|x86.Build.0 = Release|Win32
		{6C455FF5-7FA7-4C04-9C70-1BBC7135C83D}.Debug|x64.ActiveCfg = Debug|x64
		{6C455FF5-7FA7-4C04-9C70-1BBC7135C83D}.Debug|x64.Build.0 = Debug|x64
		{6C455FF5-7FA7-4C04-9C70-1BBC7135C83D}.Debug|x86.ActiveCfg = Debug|Win32
		{6C455FF5-7FA7-4C04-9C70-1BBC7135C83D}.Debug|x86.Build.0 = Debug|Win32
		{6C455FF5-7FA7-4C04-9C70-1BBC7135C83D}.Release|x64.ActiveCfg = Release|x64
		{6C455FF5-7FA7-4C04-9C70-1BBC7135C83D}.Release|x64.Build.0 = Release|x64
		{6C455FF5-7FA7-4C04-9C70-1BBC7135C83D}.Release|x86.ActiveCfg = Release|Win32
		{6C455FF5-7FA7-4C04-9C70-1BBC7135C83D}.Release|x86.Build.0 = Release|Win32
		{6DF634CF-2712-4056-AE43-FF3430410DCE}.Debug|x64.ActiveCfg = Debug|x64
		{6DF634CF-2712-4056-AE43-FF3430410DCE}.Debug|x64.Build.0 = Debug|x64
		{6DF634CF-2712-4056-AE43-FF3430410DCE}.Debug|x86.ActiveCfg = Debug|Win32
		{6DF634CF-2712-4056-AE43-FF3430410DCE}.Debug|x86.Build.0 = Debug|Win32
		{6DF634CF-2712-4056-AE43-FF3430410DCE}.Release|x64.ActiveCfg = Release|x64
		{6DF634CF-2712-4056-AE43-FF3430410DCE}.Release|x64.Build.0 = Release|x64
		{6DF634CF-2712-4056-AE43-FF3430410DCE}.Release|x86.ActiveCfg = Release|Win32
		{6DF634CF-2712-4056-AE43-FF3430410DCE}.Release|x86.Build.0 = Release|Win32
		{7D7E0036-AC48-4173-AB01-A1796850C52A}.Debug|x64.ActiveCfg = Debug|x64
		{7D7E0036-AC48-4173-AB01-A1796850C52A}.Debug|x64.Build.0 = Debug|x64
		{7D7E0036-AC48-4173-AB01-A1796850C52A}.Debug|x86.ActiveCfg = Debug|Win32
		{7D7E0036-AC48-4173-AB01-A1796850C52A}.Debug|x86.Build.0 = Debug|Win32
		{7D7E0036-AC48-4173-AB01-A1796850C52A}.Release|x64.ActiveCfg = Release|x64
		{7D7E0036-AC48-4173-AB01-A1796850C52A}.Release|x64.Build.0 = Release|x64
		{7D7E0036-AC48-4173-AB01-A1796850C52A}.Release|x86.ActiveCfg = Release|Win32
		{7D7E0036-AC48-4173-AB01-A1796850C52A}.Release|x86.Build.0 = Release|Win32
		{C5D34D46-A846-4C5E-B9B9-A8ED621A86CA}.Debug|x64.ActiveCfg = Debug|x64
		{C5D34D46-A846-4C5E-B9B9-A8ED621A86CA}.Debug|x64.Build.0 = Debug|x64
		{C5D34D46-A846-4C5E-B9B9-A8ED621A86CA}.Debug|x86.ActiveCfg = Debug|Win32
		{C5D34D46-A846-4C5E-B9B9-A8ED621A86CA}.Debug|x86.Build.0 = Debug|Win32
		{C5D34D46-A846-4C5E-B9B9-A8ED621A86CA}.Release|x64.ActiveCfg = Release|x64
		{C5D34D46-A846-4C5E-B9B9-A8ED621A86CA}.Release|x64.Build.0 = Release|x64
		{C5D34D46-A846-4C5E-B9B9-A8ED621A86CA}.Release|x86.ActiveCfg = Release|Win32
		{C5D34D46-A846-4C5E-B9B9-A8ED621A86CA}.Release|x86.Build.0 = Release|Win32
		{05DB5086-E078-495D-AFD0-72C1838C6B05}.Debug|x64.ActiveCfg = Debug|x64
		{05DB5086-E078-495D-AFD0-72C1838C6B05}.Debug|x64.Build.0 = Debug|x64
		{05DB5086-E078-495D-AFD0-72C1838C6B05}.Debug|x86.ActiveCfg = Debug|Win32
		{05DB5086-E078-495D-AFD0-72C1838C6B05}.Debug|x86.Build.0 = Debug|Win32
		{05DB5086-E078-495D-AFD0-72C1838C6B05}.Release|x64.ActiveCfg = Release|x64
		{05DB5086-E078-495D-AFD0-72C1838C6B05}.Release|x64.Build.0 = Release|x64
		{05DB5086-E078-495D-AFD0-72C1838C6B05}.Release|x86.ActiveCfg = Release|Win32
		{05DB5086-E078-495D-AFD0-72C1838C6B05}.Release|x86.Build.0 = Release|Win32
	EndGlobalSection
	GlobalSection(SolutionProperties) = preSolution
		HideSolutionNode = FALSE
	EndGlobalSection
	GlobalSection(ExtensibilityGlobals) = postSolution
		SolutionGuid = {4CD610A8-BEFD-49DC-AB43-C14FA79201B6}
	EndGlobalSection
EndGlobal
